
Microsoft Visual Studio Solution File, Format Version 12.00
# Visual Studio Version 17
VisualStudioVersion = 17.10.35013.160
MinimumVisualStudioVersion = 10.0.40219.1
Project("{9A19103F-16F7-4668-BE54-9A1E7A4F7556}") = "ToDo_Api", "ToDo_Api\ToDo_Api.csproj", "{826188E7-F170-4551-A91E-E612581100A4}"
EndProject
Project("{9A19103F-16F7-4668-BE54-9A1E7A4F7556}") = "ToDo_Api.IntegrationTests", "ToDo_Api.IntegrationTests\ToDo_Api.IntegrationTests.csproj", "{EB3E7DA6-E487-413B-8814-B422142116BF}"
EndProject
Project("{FAE04EC0-301F-11D3-BF4B-00C04F79EFBC}") = "ToDo_Api.UnitTests", "ToDo_Api.UnitTests\ToDo_Api.UnitTests.csproj", "{D06D67C6-433E-4A14-997C-46CA31782255}"
EndProject
Project("{FAE04EC0-301F-11D3-BF4B-00C04F79EFBC}") = "ToDo_Api.PerformanceTests", "ToDo_Api.PerformanceTests\ToDo_Api.PerformanceTests.csproj", "{D3FE5AB8-D3A4-42A6-B6AB-A8FEBBC87E10}"
EndProject
Global
	GlobalSection(SolutionConfigurationPlatforms) = preSolution
		Debug|Any CPU = Debug|Any CPU
		Release|Any CPU = Release|Any CPU
	EndGlobalSection
	GlobalSection(ProjectConfigurationPlatforms) = postSolution
		{826188E7-F170-4551-A91E-E612581100A4}.Debug|Any CPU.ActiveCfg = Debug|Any CPU
		{826188E7-F170-4551-A91E-E612581100A4}.Debug|Any CPU.Build.0 = Debug|Any CPU
		{826188E7-F170-4551-A91E-E612581100A4}.Release|Any CPU.ActiveCfg = Release|Any CPU
		{826188E7-F170-4551-A91E-E612581100A4}.Release|Any CPU.Build.0 = Release|Any CPU
		{EB3E7DA6-E487-413B-8814-B422142116BF}.Debug|Any CPU.ActiveCfg = Debug|Any CPU
		{EB3E7DA6-E487-413B-8814-B422142116BF}.Debug|Any CPU.Build.0 = Debug|Any CPU
		{EB3E7DA6-E487-413B-8814-B422142116BF}.Release|Any CPU.ActiveCfg = Release|Any CPU
		{EB3E7DA6-E487-413B-8814-B422142116BF}.Release|Any CPU.Build.0 = Release|Any CPU
		{D06D67C6-433E-4A14-997C-46CA31782255}.Debug|Any CPU.ActiveCfg = Debug|Any CPU
		{D06D67C6-433E-4A14-997C-46CA31782255}.Debug|Any CPU.Build.0 = Debug|Any CPU
		{D06D67C6-433E-4A14-997C-46CA31782255}.Release|Any CPU.ActiveCfg = Release|Any CPU
		{D06D67C6-433E-4A14-997C-46CA31782255}.Release|Any CPU.Build.0 = Release|Any CPU
		{D3FE5AB8-D3A4-42A6-B6AB-A8FEBBC87E10}.Debug|Any CPU.ActiveCfg = Debug|Any CPU
		{D3FE5AB8-D3A4-42A6-B6AB-A8FEBBC87E10}.Debug|Any CPU.Build.0 = Debug|Any CPU
		{D3FE5AB8-D3A4-42A6-B6AB-A8FEBBC87E10}.Release|Any CPU.ActiveCfg = Release|Any CPU
		{D3FE5AB8-D3A4-42A6-B6AB-A8FEBBC87E10}.Release|Any CPU.Build.0 = Release|Any CPU
	EndGlobalSection
	GlobalSection(SolutionProperties) = preSolution
		HideSolutionNode = FALSE
	EndGlobalSection
	GlobalSection(ExtensibilityGlobals) = postSolution
		SolutionGuid = {AB665B22-DF56-469A-90E0-D0472413F6BD}
	EndGlobalSection
EndGlobal
